
Microsoft Visual Studio Solution File, Format Version 12.00
# Visual Studio Version 17
VisualStudioVersion = 17.10.35013.160
MinimumVisualStudioVersion = 10.0.40219.1
Project("{FAE04EC0-301F-11D3-BF4B-00C04F79EFBC}") = "OOP03", "OOP03\OOP03.csproj", "{73B374AD-82CD-4281-801E-1237A5057162}"
EndProject
Global
	GlobalSection(SolutionConfigurationPlatforms) = preSolution
		Debug|Any CPU = Debug|Any CPU
		Release|Any CPU = Release|Any CPU
	EndGlobalSection
	GlobalSection(ProjectConfigurationPlatforms) = postSolution
		{73B374AD-82CD-4281-801E-1237A5057162}.Debug|Any CPU.ActiveCfg = Debug|Any CPU
		{73B374AD-82CD-4281-801E-1237A5057162}.Debug|Any CPU.Build.0 = Debug|Any CPU
		{73B374AD-82CD-4281-801E-1237A5057162}.Release|Any CPU.ActiveCfg = Release|Any CPU
		{73B374AD-82CD-4281-801E-1237A5057162}.Release|Any CPU.Build.0 = Release|Any CPU
	EndGlobalSection
	GlobalSection(SolutionProperties) = preSolution
		HideSolutionNode = FALSE
	EndGlobalSection
	GlobalSection(ExtensibilityGlobals) = postSolution
		SolutionGuid = {F7E7CC66-A358-4F31-BD28-64F2ADD1BC8F}
	EndGlobalSection
EndGlobal
